
Microsoft Visual Studio Solution File, Format Version 12.00
# Visual Studio Version 16
VisualStudioVersion = 16.0.30114.105
MinimumVisualStudioVersion = 10.0.40219.1
Project("{2150E333-8FDC-42A3-9474-1A3956D46DE8}") = "src", "src", "{9E318141-2CF9-4569-905C-88B9177135F8}"
EndProject
Project("{FAE04EC0-301F-11D3-BF4B-00C04F79EFBC}") = "IdentityServer", "src\IdentityServer\IdentityServer.csproj", "{507F2025-DB1F-4E93-87C9-1FB11A94C075}"
EndProject
Project("{FAE04EC0-301F-11D3-BF4B-00C04F79EFBC}") = "Api", "src\Api\Api.csproj", "{6AC6B924-1BE6-4ED9-A6F9-56405D5304EF}"
EndProject
Project("{FAE04EC0-301F-11D3-BF4B-00C04F79EFBC}") = "Client", "src\Client\Client.csproj", "{7605846C-0044-4DC5-81CD-0A1E913A75E2}"
EndProject
Global
	GlobalSection(SolutionConfigurationPlatforms) = preSolution
		Debug|Any CPU = Debug|Any CPU
		Debug|x64 = Debug|x64
		Debug|x86 = Debug|x86
		Release|Any CPU = Release|Any CPU
		Release|x64 = Release|x64
		Release|x86 = Release|x86
	EndGlobalSection
	GlobalSection(SolutionProperties) = preSolution
		HideSolutionNode = FALSE
	EndGlobalSection
	GlobalSection(ProjectConfigurationPlatforms) = postSolution
		{507F2025-DB1F-4E93-87C9-1FB11A94C075}.Debug|Any CPU.ActiveCfg = Debug|Any CPU
		{507F2025-DB1F-4E93-87C9-1FB11A94C075}.Debug|Any CPU.Build.0 = Debug|Any CPU
		{507F2025-DB1F-4E93-87C9-1FB11A94C075}.Debug|x64.ActiveCfg = Debug|Any CPU
		{507F2025-DB1F-4E93-87C9-1FB11A94C075}.Debug|x64.Build.0 = Debug|Any CPU
		{507F2025-DB1F-4E93-87C9-1FB11A94C075}.Debug|x86.ActiveCfg = Debug|Any CPU
		{507F2025-DB1F-4E93-87C9-1FB11A94C075}.Debug|x86.Build.0 = Debug|Any CPU
		{507F2025-DB1F-4E93-87C9-1FB11A94C075}.Release|Any CPU.ActiveCfg = Release|Any CPU
		{507F2025-DB1F-4E93-87C9-1FB11A94C075}.Release|Any CPU.Build.0 = Release|Any CPU
		{507F2025-DB1F-4E93-87C9-1FB11A94C075}.Release|x64.ActiveCfg = Release|Any CPU
		{507F2025-DB1F-4E93-87C9-1FB11A94C075}.Release|x64.Build.0 = Release|Any CPU
		{507F2025-DB1F-4E93-87C9-1FB11A94C075}.Release|x86.ActiveCfg = Release|Any CPU
		{507F2025-DB1F-4E93-87C9-1FB11A94C075}.Release|x86.Build.0 = Release|Any CPU
		{6AC6B924-1BE6-4ED9-A6F9-56405D5304EF}.Debug|Any CPU.ActiveCfg = Debug|Any CPU
		{6AC6B924-1BE6-4ED9-A6F9-56405D5304EF}.Debug|Any CPU.Build.0 = Debug|Any CPU
		{6AC6B924-1BE6-4ED9-A6F9-56405D5304EF}.Debug|x64.ActiveCfg = Debug|Any CPU
		{6AC6B924-1BE6-4ED9-A6F9-56405D5304EF}.Debug|x64.Build.0 = Debug|Any CPU
		{6AC6B924-1BE6-4ED9-A6F9-56405D5304EF}.Debug|x86.ActiveCfg = Debug|Any CPU
		{6AC6B924-1BE6-4ED9-A6F9-56405D5304EF}.Debug|x86.Build.0 = Debug|Any CPU
		{6AC6B924-1BE6-4ED9-A6F9-56405D5304EF}.Release|Any CPU.ActiveCfg = Release|Any CPU
		{6AC6B924-1BE6-4ED9-A6F9-56405D5304EF}.Release|Any CPU.Build.0 = Release|Any CPU
		{6AC6B924-1BE6-4ED9-A6F9-56405D5304EF}.Release|x64.ActiveCfg = Release|Any CPU
		{6AC6B924-1BE6-4ED9-A6F9-56405D5304EF}.Release|x64.Build.0 = Release|Any CPU
		{6AC6B924-1BE6-4ED9-A6F9-56405D5304EF}.Release|x86.ActiveCfg = Release|Any CPU
		{6AC6B924-1BE6-4ED9-A6F9-56405D5304EF}.Release|x86.Build.0 = Release|Any CPU
		{7605846C-0044-4DC5-81CD-0A1E913A75E2}.Debug|Any CPU.ActiveCfg = Debug|Any CPU
		{7605846C-0044-4DC5-81CD-0A1E913A75E2}.Debug|Any CPU.Build.0 = Debug|Any CPU
		{7605846C-0044-4DC5-81CD-0A1E913A75E2}.Debug|x64.ActiveCfg = Debug|Any CPU
		{7605846C-0044-4DC5-81CD-0A1E913A75E2}.Debug|x64.Build.0 = Debug|Any CPU
		{7605846C-0044-4DC5-81CD-0A1E913A75E2}.Debug|x86.ActiveCfg = Debug|Any CPU
		{7605846C-0044-4DC5-81CD-0A1E913A75E2}.Debug|x86.Build.0 = Debug|Any CPU
		{7605846C-0044-4DC5-81CD-0A1E913A75E2}.Release|Any CPU.ActiveCfg = Release|Any CPU
		{7605846C-0044-4DC5-81CD-0A1E913A75E2}.Release|Any CPU.Build.0 = Release|Any CPU
		{7605846C-0044-4DC5-81CD-0A1E913A75E2}.Release|x64.ActiveCfg = Release|Any CPU
		{7605846C-0044-4DC5-81CD-0A1E913A75E2}.Release|x64.Build.0 = Release|Any CPU
		{7605846C-0044-4DC5-81CD-0A1E913A75E2}.Release|x86.ActiveCfg = Release|Any CPU
		{7605846C-0044-4DC5-81CD-0A1E913A75E2}.Release|x86.Build.0 = Release|Any CPU
	EndGlobalSection
	GlobalSection(NestedProjects) = preSolution
		{507F2025-DB1F-4E93-87C9-1FB11A94C075} = {9E318141-2CF9-4569-905C-88B9177135F8}
		{6AC6B924-1BE6-4ED9-A6F9-56405D5304EF} = {9E318141-2CF9-4569-905C-88B9177135F8}
		{7605846C-0044-4DC5-81CD-0A1E913A75E2} = {9E318141-2CF9-4569-905C-88B9177135F8}
	EndGlobalSection
EndGlobal
