
Microsoft Visual Studio Solution File, Format Version 12.00
# Visual Studio Version 16
VisualStudioVersion = 16.0.30114.105
MinimumVisualStudioVersion = 10.0.40219.1
Project("{2150E333-8FDC-42A3-9474-1A3956D46DE8}") = "src", "src", "{1EE58685-C9B7-488A-8AB5-B7813633C57C}"
EndProject
Project("{FAE04EC0-301F-11D3-BF4B-00C04F79EFBC}") = "Api", "src\Api\Api.csproj", "{DC9A482F-0B3C-436D-9DD9-BF6BF1477A04}"
EndProject
Project("{FAE04EC0-301F-11D3-BF4B-00C04F79EFBC}") = "Client", "src\Client\Client.csproj", "{9396A9E5-C4CF-4313-938C-FE5BFB3ACA56}"
EndProject
Global
	GlobalSection(SolutionConfigurationPlatforms) = preSolution
		Debug|Any CPU = Debug|Any CPU
		Debug|x64 = Debug|x64
		Debug|x86 = Debug|x86
		Release|Any CPU = Release|Any CPU
		Release|x64 = Release|x64
		Release|x86 = Release|x86
	EndGlobalSection
	GlobalSection(SolutionProperties) = preSolution
		HideSolutionNode = FALSE
	EndGlobalSection
	GlobalSection(ProjectConfigurationPlatforms) = postSolution
		{DC9A482F-0B3C-436D-9DD9-BF6BF1477A04}.Debug|Any CPU.ActiveCfg = Debug|Any CPU
		{DC9A482F-0B3C-436D-9DD9-BF6BF1477A04}.Debug|Any CPU.Build.0 = Debug|Any CPU
		{DC9A482F-0B3C-436D-9DD9-BF6BF1477A04}.Debug|x64.ActiveCfg = Debug|Any CPU
		{DC9A482F-0B3C-436D-9DD9-BF6BF1477A04}.Debug|x64.Build.0 = Debug|Any CPU
		{DC9A482F-0B3C-436D-9DD9-BF6BF1477A04}.Debug|x86.ActiveCfg = Debug|Any CPU
		{DC9A482F-0B3C-436D-9DD9-BF6BF1477A04}.Debug|x86.Build.0 = Debug|Any CPU
		{DC9A482F-0B3C-436D-9DD9-BF6BF1477A04}.Release|Any CPU.ActiveCfg = Release|Any CPU
		{DC9A482F-0B3C-436D-9DD9-BF6BF1477A04}.Release|Any CPU.Build.0 = Release|Any CPU
		{DC9A482F-0B3C-436D-9DD9-BF6BF1477A04}.Release|x64.ActiveCfg = Release|Any CPU
		{DC9A482F-0B3C-436D-9DD9-BF6BF1477A04}.Release|x64.Build.0 = Release|Any CPU
		{DC9A482F-0B3C-436D-9DD9-BF6BF1477A04}.Release|x86.ActiveCfg = Release|Any CPU
		{DC9A482F-0B3C-436D-9DD9-BF6BF1477A04}.Release|x86.Build.0 = Release|Any CPU
		{9396A9E5-C4CF-4313-938C-FE5BFB3ACA56}.Debug|Any CPU.ActiveCfg = Debug|Any CPU
		{9396A9E5-C4CF-4313-938C-FE5BFB3ACA56}.Debug|Any CPU.Build.0 = Debug|Any CPU
		{9396A9E5-C4CF-4313-938C-FE5BFB3ACA56}.Debug|x64.ActiveCfg = Debug|Any CPU
		{9396A9E5-C4CF-4313-938C-FE5BFB3ACA56}.Debug|x64.Build.0 = Debug|Any CPU
		{9396A9E5-C4CF-4313-938C-FE5BFB3ACA56}.Debug|x86.ActiveCfg = Debug|Any CPU
		{9396A9E5-C4CF-4313-938C-FE5BFB3ACA56}.Debug|x86.Build.0 = Debug|Any CPU
		{9396A9E5-C4CF-4313-938C-FE5BFB3ACA56}.Release|Any CPU.ActiveCfg = Release|Any CPU
		{9396A9E5-C4CF-4313-938C-FE5BFB3ACA56}.Release|Any CPU.Build.0 = Release|Any CPU
		{9396A9E5-C4CF-4313-938C-FE5BFB3ACA56}.Release|x64.ActiveCfg = Release|Any CPU
		{9396A9E5-C4CF-4313-938C-FE5BFB3ACA56}.Release|x64.Build.0 = Release|Any CPU
		{9396A9E5-C4CF-4313-938C-FE5BFB3ACA56}.Release|x86.ActiveCfg = Release|Any CPU
		{9396A9E5-C4CF-4313-938C-FE5BFB3ACA56}.Release|x86.Build.0 = Release|Any CPU
	EndGlobalSection
	GlobalSection(NestedProjects) = preSolution
		{DC9A482F-0B3C-436D-9DD9-BF6BF1477A04} = {1EE58685-C9B7-488A-8AB5-B7813633C57C}
		{9396A9E5-C4CF-4313-938C-FE5BFB3ACA56} = {1EE58685-C9B7-488A-8AB5-B7813633C57C}
	EndGlobalSection
EndGlobal
